{
  "pins" : [
    {
      "identity" : "wwnetworkmonitor",
      "kind" : "remoteSourceControl",
      "location" : "https://github.com/William-Weng/WWNetWorkMonitor",
      "state" : {
        "revision" : "852ba498dfd8eb6f5063daa3dab85f12383033e3",
        "version" : "1.0.2"
      }
    },
    {
      "identity" : "wwprint",
      "kind" : "remoteSourceControl",
      "location" : "https://github.com/William-Weng/WWPrint",
      "state" : {
        "revision" : "8f5928f5d36624d77f8fc563fd8e31a59cfac6b6",
        "version" : "1.3.1"
      }
    }
  ],
  "version" : 2
}
